
Microsoft Visual Studio Solution File, Format Version 12.00
# Visual Studio Version 17
VisualStudioVersion = 17.8.34408.163
MinimumVisualStudioVersion = 10.0.40219.1
Project("{8BC9CEB8-8B4A-11D0-8D11-00A0C91BC942}") = "Snake", "Snake\Snake.vcxproj", "{F160A030-53DF-4C70-8CF2-1BF798FED85D}"
EndProject
Global
	GlobalSection(SolutionConfigurationPlatforms) = preSolution
		Debug|x64 = Debug|x64
		Debug|x86 = Debug|x86
		Release|x64 = Release|x64
		Release|x86 = Release|x86
	EndGlobalSection
	GlobalSection(ProjectConfigurationPlatforms) = postSolution
		{F160A030-53DF-4C70-8CF2-1BF798FED85D}.Debug|x64.ActiveCfg = Debug|x64
		{F160A030-53DF-4C70-8CF2-1BF798FED85D}.Debug|x64.Build.0 = Debug|x64
		{F160A030-53DF-4C70-8CF2-1BF798FED85D}.Debug|x86.ActiveCfg = Debug|Win32
		{F160A030-53DF-4C70-8CF2-1BF798FED85D}.Debug|x86.Build.0 = Debug|Win32
		{F160A030-53DF-4C70-8CF2-1BF798FED85D}.Release|x64.ActiveCfg = Release|x64
		{F160A030-53DF-4C70-8CF2-1BF798FED85D}.Release|x64.Build.0 = Release|x64
		{F160A030-53DF-4C70-8CF2-1BF798FED85D}.Release|x86.ActiveCfg = Release|Win32
		{F160A030-53DF-4C70-8CF2-1BF798FED85D}.Release|x86.Build.0 = Release|Win32
	EndGlobalSection
	GlobalSection(SolutionProperties) = preSolution
		HideSolutionNode = FALSE
	EndGlobalSection
	GlobalSection(ExtensibilityGlobals) = postSolution
		SolutionGuid = {140C0653-2E5B-44AB-A031-81BF7676551C}
	EndGlobalSection
EndGlobal
